
Microsoft Visual Studio Solution File, Format Version 12.00
# Visual Studio 15
VisualStudioVersion = 15.0.28307.421
MinimumVisualStudioVersion = 10.0.40219.1
Project("{FAE04EC0-301F-11D3-BF4B-00C04F79EFBC}") = "m3_sostas", "m3_sostas\m3_sostas.csproj", "{1012B42D-6A0E-4B75-8159-0166EBE25F61}"
EndProject
Global
	GlobalSection(SolutionConfigurationPlatforms) = preSolution
		Debug|Any CPU = Debug|Any CPU
		Release|Any CPU = Release|Any CPU
	EndGlobalSection
	GlobalSection(ProjectConfigurationPlatforms) = postSolution
		{1012B42D-6A0E-4B75-8159-0166EBE25F61}.Debug|Any CPU.ActiveCfg = Debug|Any CPU
		{1012B42D-6A0E-4B75-8159-0166EBE25F61}.Debug|Any CPU.Build.0 = Debug|Any CPU
		{1012B42D-6A0E-4B75-8159-0166EBE25F61}.Release|Any CPU.ActiveCfg = Release|Any CPU
		{1012B42D-6A0E-4B75-8159-0166EBE25F61}.Release|Any CPU.Build.0 = Release|Any CPU
	EndGlobalSection
	GlobalSection(SolutionProperties) = preSolution
		HideSolutionNode = FALSE
	EndGlobalSection
	GlobalSection(ExtensibilityGlobals) = postSolution
		SolutionGuid = {C77D32F6-DB4C-4BDD-9FF4-B71BDB25D798}
	EndGlobalSection
EndGlobal
